# This file is auto-generated by Orbit. DO NOT EDIT.
version = 1

[[ip]]
name = "hamming"
version = "1.0.1"
uuid = "3d41b8d2-d347-4a25-9c21-2b101221f93d"
dependencies = ["testkit:1.0.3"]

[[ip]]
name = "testkit"
version = "1.0.3"
uuid = "d142edda-8e02-4f04-89e9-44a40897890a"
checksum = "a598a36182eec38f229e73c8b1dbf3813f285b4720f85a7140faf9e8a2506084"
url = "https://github.com/c-rus/toolbox/archive/refs/tags/1.0.3.zip"
dependencies = []
