# This file is automatically @generated by Orbit.
# It is not intended for manual editing.
version = 1

[[project]]
name = "glyph"
version = "0.1.0"
uuid = "cegyya7j6lsn78ftvos7pv5me"
source = "https://github.com/chaseruskin/glyph.git"
dependencies = ["steel+7hex7l1oem1qefisd25jkcni2:1.0.1"]

[[project]]
name = "steel"
version = "1.0.1"
uuid = "7hex7l1oem1qefisd25jkcni2"
source = "https://github.com/hyperspace-labs/steel.git"
path = "../hysplabs/steel"
dependencies = []
